
Microsoft Visual Studio Solution File, Format Version 12.00
# Visual Studio Version 17
VisualStudioVersion = 17.11.35303.130
MinimumVisualStudioVersion = 10.0.40219.1
Project("{FAE04EC0-301F-11D3-BF4B-00C04F79EFBC}") = "Palindromchecker with c#", "Palindromchecker with c#.csproj", "{4BDBD2C3-FB8D-451C-8415-B322258AC6BD}"
EndProject
Global
	GlobalSection(SolutionConfigurationPlatforms) = preSolution
		Debug|Any CPU = Debug|Any CPU
		Release|Any CPU = Release|Any CPU
	EndGlobalSection
	GlobalSection(ProjectConfigurationPlatforms) = postSolution
		{4BDBD2C3-FB8D-451C-8415-B322258AC6BD}.Debug|Any CPU.ActiveCfg = Debug|Any CPU
		{4BDBD2C3-FB8D-451C-8415-B322258AC6BD}.Debug|Any CPU.Build.0 = Debug|Any CPU
		{4BDBD2C3-FB8D-451C-8415-B322258AC6BD}.Release|Any CPU.ActiveCfg = Release|Any CPU
		{4BDBD2C3-FB8D-451C-8415-B322258AC6BD}.Release|Any CPU.Build.0 = Release|Any CPU
	EndGlobalSection
	GlobalSection(SolutionProperties) = preSolution
		HideSolutionNode = FALSE
	EndGlobalSection
	GlobalSection(ExtensibilityGlobals) = postSolution
		SolutionGuid = {D27094A7-288C-4F4C-8350-D9CCC8C18C85}
	EndGlobalSection
EndGlobal
